// !$*UTF8*$!
{
	archiveVersion = 1;
	classes = {
	};
	objectVersion = 55;
	objects = {

/* Begin PBXBuildFile section */
		6EF984DC98F7F3EBB82E97E1 /* Pods_FireBaseDataBase.framework in Frameworks */ = {isa = PBXBuildFile; fileRef = 2AC455BCCB07857DBFFABED6 /* Pods_FireBaseDataBase.framework */; };
		F719825A282EF1FB00B7176E /* AppDelegate.swift in Sources */ = {isa = PBXBuildFile; fileRef = F7198259282EF1FB00B7176E /* AppDelegate.swift */; };
		F719825C282EF1FB00B7176E /* SceneDelegate.swift in Sources */ = {isa = PBXBuildFile; fileRef = F719825B282EF1FB00B7176E /* SceneDelegate.swift */; };
		F719825E282EF1FB00B7176E /* ViewController.swift in Sources */ = {isa = PBXBuildFile; fileRef = F719825D282EF1FB00B7176E /* ViewController.swift */; };
		F7198261282EF1FB00B7176E /* Main.storyboard in Resources */ = {isa = PBXBuildFile; fileRef = F719825F282EF1FB00B7176E /* Main.storyboard */; };
		F7198263282EF20000B7176E /* Assets.xcassets in Resources */ = {isa = PBXBuildFile; fileRef = F7198262282EF20000B7176E /* Assets.xcassets */; };
		F7198266282EF20000B7176E /* LaunchScreen.storyboard in Resources */ = {isa = PBXBuildFile; fileRef = F7198264282EF20000B7176E /* LaunchScreen.storyboard */; };
		F7F8391E282EFA0D00399B8A /* GoogleService-Info.plist in Resources */ = {isa = PBXBuildFile; fileRef = F7F8391D282EFA0D00399B8A /* GoogleService-Info.plist */; };
/* End PBXBuildFile section */

/* Begin PBXFileReference section */
		2AC455BCCB07857DBFFABED6 /* Pods_FireBaseDataBase.framework */ = {isa = PBXFileReference; explicitFileType = wrapper.framework; includeInIndex = 0; path = Pods_FireBaseDataBase.framework; sourceTree = BUILT_PRODUCTS_DIR; };
		B5D0A6F710131B3BCB214C5E /* Pods-FireBaseDataBase.debug.xcconfig */ = {isa = PBXFileReference; includeInIndex = 1; lastKnownFileType = text.xcconfig; name = "Pods-FireBaseDataBase.debug.xcconfig"; path = "Target Support Files/Pods-FireBaseDataBase/Pods-FireBaseDataBase.debug.xcconfig"; sourceTree = "<group>"; };
		B784A4C498DA0C7E214678C2 /* Pods-FireBaseDataBase.release.xcconfig */ = {isa = PBXFileReference; includeInIndex = 1; lastKnownFileType = text.xcconfig; name = "Pods-FireBaseDataBase.release.xcconfig"; path = "Target Support Files/Pods-FireBaseDataBase/Pods-FireBaseDataBase.release.xcconfig"; sourceTree = "<group>"; };
		F7198256282EF1FB00B7176E /* FireBaseDataBase.app */ = {isa = PBXFileReference; explicitFileType = wrapper.application; includeInIndex = 0; path = FireBaseDataBase.app; sourceTree = BUILT_PRODUCTS_DIR; };
		F7198259282EF1FB00B7176E /* AppDelegate.swift */ = {isa = PBXFileReference; lastKnownFileType = sourcecode.swift; path = AppDelegate.swift; sourceTree = "<group>"; };
		F719825B282EF1FB00B7176E /* SceneDelegate.swift */ = {isa = PBXFileReference; lastKnownFileType = sourcecode.swift; path = SceneDelegate.swift; sourceTree = "<group>"; };
		F719825D282EF1FB00B7176E /* ViewController.swift */ = {isa = PBXFileReference; lastKnownFileType = sourcecode.swift; path = ViewController.swift; sourceTree = "<group>"; };
		F7198260282EF1FB00B7176E /* Base */ = {isa = PBXFileReference; lastKnownFileType = file.storyboard; name = Base; path = Base.lproj/Main.storyboard; sourceTree = "<group>"; };
		F7198262282EF20000B7176E /* Assets.xcassets */ = {isa = PBXFileReference; lastKnownFileType = folder.assetcatalog; path = Assets.xcassets; sourceTree = "<group>"; };
		F7198265282EF20000B7176E /* Base */ = {isa = PBXFileReference; lastKnownFileType = file.storyboard; name = Base; path = Base.lproj/LaunchScreen.storyboard; sourceTree = "<group>"; };
		F7198267282EF20000B7176E /* Info.plist */ = {isa = PBXFileReference; lastKnownFileType = text.plist.xml; path = Info.plist; sourceTree = "<group>"; };
		F7F8391D282EFA0D00399B8A /* GoogleService-Info.plist */ = {isa = PBXFileReference; fileEncoding = 4; lastKnownFileType = text.plist.xml; path = "GoogleService-Info.plist"; sourceTree = "<group>"; };
/* End PBXFileReference section */

/* Begin PBXFrameworksBuildPhase section */
		F7198253282EF1FB00B7176E /* Frameworks */ = {
			isa = PBXFrameworksBuildPhase;
			buildActionMask = 2147483647;
			files = (
				6EF984DC98F7F3EBB82E97E1 /* Pods_FireBaseDataBase.framework in Frameworks */,
			);
			runOnlyForDeploymentPostprocessing = 0;
		};
/* End PBXFrameworksBuildPhase section */

/* Begin PBXGroup section */
		371EE99E5E960B545FB53642 /* Pods */ = {
			isa = PBXGroup;
			children = (
				B5D0A6F710131B3BCB214C5E /* Pods-FireBaseDataBase.debug.xcconfig */,
				B784A4C498DA0C7E214678C2 /* Pods-FireBaseDataBase.release.xcconfig */,
			);
			path = Pods;
			sourceTree = "<group>";
		};
		EC76CFE8CA3A46E1C70306F3 /* Frameworks */ = {
			isa = PBXGroup;
			children = (
				2AC455BCCB07857DBFFABED6 /* Pods_FireBaseDataBase.framework */,
			);
			name = Frameworks;
			sourceTree = "<group>";
		};
		F719824D282EF1FB00B7176E = {
			isa = PBXGroup;
			children = (
				F7198258282EF1FB00B7176E /* FireBaseDataBase */,
				F7198257282EF1FB00B7176E /* Products */,
				371EE99E5E960B545FB53642 /* Pods */,
				EC76CFE8CA3A46E1C70306F3 /* Frameworks */,
			);
			sourceTree = "<group>";
		};
		F7198257282EF1FB00B7176E /* Products */ = {
			isa = PBXGroup;
			children = (
				F7198256282EF1FB00B7176E /* FireBaseDataBase.app */,
			);
			name = Products;
			sourceTree = "<group>";
		};
		F7198258282EF1FB00B7176E /* FireBaseDataBase */ = {
			isa = PBXGroup;
			children = (
				F7F8391D282EFA0D00399B8A /* GoogleService-Info.plist */,
				F7198259282EF1FB00B7176E /* AppDelegate.swift */,
				F719825B282EF1FB00B7176E /* SceneDelegate.swift */,
				F719825D282EF1FB00B7176E /* ViewController.swift */,
				F719825F282EF1FB00B7176E /* Main.storyboard */,
				F7198262282EF20000B7176E /* Assets.xcassets */,
				F7198264282EF20000B7176E /* LaunchScreen.storyboard */,
				F7198267282EF20000B7176E /* Info.plist */,
			);
			path = FireBaseDataBase;
			sourceTree = "<group>";
		};
/* End PBXGroup section */

/* Begin PBXNativeTarget section */
		F7198255282EF1FB00B7176E /* FireBaseDataBase */ = {
			isa = PBXNativeTarget;
			buildConfigurationList = F719826A282EF20000B7176E /* Build configuration list for PBXNativeTarget "FireBaseDataBase" */;
			buildPhases = (
				20651E455C25685F147F3996 /* [CP] Check Pods Manifest.lock */,
				F7198252282EF1FB00B7176E /* Sources */,
				F7198253282EF1FB00B7176E /* Frameworks */,
				F7198254282EF1FB00B7176E /* Resources */,
				03F99EC2A8710FD1B7EC5F2F /* [CP] Embed Pods Frameworks */,
			);
			buildRules = (
			);
			dependencies = (
			);
			name = FireBaseDataBase;
			productName = FireBaseDataBase;
			productReference = F7198256282EF1FB00B7176E /* FireBaseDataBase.app */;
			productType = "com.apple.product-type.application";
		};
/* End PBXNativeTarget section */

/* Begin PBXProject section */
		F719824E282EF1FB00B7176E /* Project object */ = {
			isa = PBXProject;
			attributes = {
				BuildIndependentTargetsInParallel = 1;
				LastSwiftUpdateCheck = 1320;
				LastUpgradeCheck = 1320;
				TargetAttributes = {
					F7198255282EF1FB00B7176E = {
						CreatedOnToolsVersion = 13.2.1;
					};
				};
			};
			buildConfigurationList = F7198251282EF1FB00B7176E /* Build configuration list for PBXProject "FireBaseDataBase" */;
			compatibilityVersion = "Xcode 13.0";
			developmentRegion = en;
			hasScannedForEncodings = 0;
			knownRegions = (
				en,
				Base,
			);
			mainGroup = F719824D282EF1FB00B7176E;
			productRefGroup = F7198257282EF1FB00B7176E /* Products */;
			projectDirPath = "";
			projectRoot = "";
			targets = (
				F7198255282EF1FB00B7176E /* FireBaseDataBase */,
			);
		};
/* End PBXProject section */

/* Begin PBXResourcesBuildPhase section */
		F7198254282EF1FB00B7176E /* Resources */ = {
			isa = PBXResourcesBuildPhase;
			buildActionMask = 2147483647;
			files = (
				F7198266282EF20000B7176E /* LaunchScreen.storyboard in Resources */,
				F7F8391E282EFA0D00399B8A /* GoogleService-Info.plist in Resources */,
				F7198263282EF20000B7176E /* Assets.xcassets in Resources */,
				F7198261282EF1FB00B7176E /* Main.storyboard in Resources */,
			);
			runOnlyForDeploymentPostprocessing = 0;
		};
/* End PBXResourcesBuildPhase section */

/* Begin PBXShellScriptBuildPhase section */
		03F99EC2A8710FD1B7EC5F2F /* [CP] Embed Pods Frameworks */ = {
			isa = PBXShellScriptBuildPhase;
			buildActionMask = 2147483647;
			files = (
			);
			inputFileListPaths = (
				"${PODS_ROOT}/Target Support Files/Pods-FireBaseDataBase/Pods-FireBaseDataBase-frameworks-${CONFIGURATION}-input-files.xcfilelist",
			);
			name = "[CP] Embed Pods Frameworks";
			outputFileListPaths = (
				"${PODS_ROOT}/Target Support Files/Pods-FireBaseDataBase/Pods-FireBaseDataBase-frameworks-${CONFIGURATION}-output-files.xcfilelist",
			);
			runOnlyForDeploymentPostprocessing = 0;
			shellPath = /bin/sh;
			shellScript = "\"${PODS_ROOT}/Target Support Files/Pods-FireBaseDataBase/Pods-FireBaseDataBase-frameworks.sh\"\n";
			showEnvVarsInLog = 0;
		};
		20651E455C25685F147F3996 /* [CP] Check Pods Manifest.lock */ = {
			isa = PBXShellScriptBuildPhase;
			buildActionMask = 2147483647;
			files = (
			);
			inputFileListPaths = (
			);
			inputPaths = (
				"${PODS_PODFILE_DIR_PATH}/Podfile.lock",
				"${PODS_ROOT}/Manifest.lock",
			);
			name = "[CP] Check Pods Manifest.lock";
			outputFileListPaths = (
			);
			outputPaths = (
				"$(DERIVED_FILE_DIR)/Pods-FireBaseDataBase-checkManifestLockResult.txt",
			);
			runOnlyForDeploymentPostprocessing = 0;
			shellPath = /bin/sh;
			shellScript = "diff \"${PODS_PODFILE_DIR_PATH}/Podfile.lock\" \"${PODS_ROOT}/Manifest.lock\" > /dev/null\nif [ $? != 0 ] ; then\n    # print error to STDERR\n    echo \"error: The sandbox is not in sync with the Podfile.lock. Run 'pod install' or update your CocoaPods installation.\" >&2\n    exit 1\nfi\n# This output is used by Xcode 'outputs' to avoid re-running this script phase.\necho \"SUCCESS\" > \"${SCRIPT_OUTPUT_FILE_0}\"\n";
			showEnvVarsInLog = 0;
		};
/* End PBXShellScriptBuildPhase section */

/* Begin PBXSourcesBuildPhase section */
		F7198252282EF1FB00B7176E /* Sources */ = {
			isa = PBXSourcesBuildPhase;
			buildActionMask = 2147483647;
			files = (
				F719825E282EF1FB00B7176E /* ViewController.swift in Sources */,
				F719825A282EF1FB00B7176E /* AppDelegate.swift in Sources */,
				F719825C282EF1FB00B7176E /* SceneDelegate.swift in Sources */,
			);
			runOnlyForDeploymentPostprocessing = 0;
		};
/* End PBXSourcesBuildPhase section */

/* Begin PBXVariantGroup section */
		F719825F282EF1FB00B7176E /* Main.storyboard */ = {
			isa = PBXVariantGroup;
			children = (
				F7198260282EF1FB00B7176E /* Base */,
			);
			name = Main.storyboard;
			sourceTree = "<group>";
		};
		F7198264282EF20000B7176E /* LaunchScreen.storyboard */ = {
			isa = PBXVariantGroup;
			children = (
				F7198265282EF20000B7176E /* Base */,
			);
			name = LaunchScreen.storyboard;
			sourceTree = "<group>";
		};
/* End PBXVariantGroup section */

/* Begin XCBuildConfiguration section */
		F7198268282EF20000B7176E /* Debug */ = {
			isa = XCBuildConfiguration;
			buildSettings = {
				ALWAYS_SEARCH_USER_PATHS = NO;
				CLANG_ANALYZER_NONNULL = YES;
				CLANG_ANALYZER_NUMBER_OBJECT_CONVERSION = YES_AGGRESSIVE;
				CLANG_CXX_LANGUAGE_STANDARD = "gnu++17";
				CLANG_CXX_LIBRARY = "libc++";
				CLANG_ENABLE_MODULES = YES;
				CLANG_ENABLE_OBJC_ARC = YES;
				CLANG_ENABLE_OBJC_WEAK = YES;
				CLANG_WARN_BLOCK_CAPTURE_AUTORELEASING = YES;
				CLANG_WARN_BOOL_CONVERSION = YES;
				CLANG_WARN_COMMA = YES;
				CLANG_WARN_CONSTANT_CONVERSION = YES;
				CLANG_WARN_DEPRECATED_OBJC_IMPLEMENTATIONS = YES;
				CLANG_WARN_DIRECT_OBJC_ISA_USAGE = YES_ERROR;
				CLANG_WARN_DOCUMENTATION_COMMENTS = YES;
				CLANG_WARN_EMPTY_BODY = YES;
				CLANG_WARN_ENUM_CONVERSION = YES;
				CLANG_WARN_INFINITE_RECURSION = YES;
				CLANG_WARN_INT_CONVERSION = YES;
				CLANG_WARN_NON_LITERAL_NULL_CONVERSION = YES;
				CLANG_WARN_OBJC_IMPLICIT_RETAIN_SELF = YES;
				CLANG_WARN_OBJC_LITERAL_CONVERSION = YES;
				CLANG_WARN_OBJC_ROOT_CLASS = YES_ERROR;
				CLANG_WARN_QUOTED_INCLUDE_IN_FRAMEWORK_HEADER = YES;
				CLANG_WARN_RANGE_LOOP_ANALYSIS = YES;
				CLANG_WARN_STRICT_PROTOTYPES = YES;
				CLANG_WARN_SUSPICIOUS_MOVE = YES;
				CLANG_WARN_UNGUARDED_AVAILABILITY = YES_AGGRESSIVE;
				CLANG_WARN_UNREACHABLE_CODE = YES;
				CLANG_WARN__DUPLICATE_METHOD_MATCH = YES;
				COPY_PHASE_STRIP = NO;
				DEBUG_INFORMATION_FORMAT = dwarf;
				ENABLE_STRICT_OBJC_MSGSEND = YES;
				ENABLE_TESTABILITY = YES;
				GCC_C_LANGUAGE_STANDARD = gnu11;
				GCC_DYNAMIC_NO_PIC = NO;
				GCC_NO_COMMON_BLOCKS = YES;
				GCC_OPTIMIZATION_LEVEL = 0;
				GCC_PREPROCESSOR_DEFINITIONS = (
					"DEBUG=1",
					"$(inherited)",
				);
				GCC_WARN_64_TO_32_BIT_CONVERSION = YES;
				GCC_WARN_ABOUT_RETURN_TYPE = YES_ERROR;
				GCC_WARN_UNDECLARED_SELECTOR = YES;
				GCC_WARN_UNINITIALIZED_AUTOS = YES_AGGRESSIVE;
				GCC_WARN_UNUSED_FUNCTION = YES;
				GCC_WARN_UNUSED_VARIABLE = YES;
				IPHONEOS_DEPLOYMENT_TARGET = 15.2;
				MTL_ENABLE_DEBUG_INFO = INCLUDE_SOURCE;
				MTL_FAST_MATH = YES;
				ONLY_ACTIVE_ARCH = YES;
				SDKROOT = iphoneos;
				SWIFT_ACTIVE_COMPILATION_CONDITIONS = DEBUG;
				SWIFT_OPTIMIZATION_LEVEL = "-Onone";
			};
			name = Debug;
		};
		F7198269282EF20000B7176E /* Release */ = {
			isa = XCBuildConfiguration;
			buildSettings = {
				ALWAYS_SEARCH_USER_PATHS = NO;
				CLANG_ANALYZER_NONNULL = YES;
				CLANG_ANALYZER_NUMBER_OBJECT_CONVERSION = YES_AGGRESSIVE;
				CLANG_CXX_LANGUAGE_STANDARD = "gnu++17";
				CLANG_CXX_LIBRARY = "libc++";
				CLANG_ENABLE_MODULES = YES;
				CLANG_ENABLE_OBJC_ARC = YES;
				CLANG_ENABLE_OBJC_WEAK = YES;
				CLANG_WARN_BLOCK_CAPTURE_AUTORELEASING = YES;
				CLANG_WARN_BOOL_CONVERSION = YES;
				CLANG_WARN_COMMA = YES;
				CLANG_WARN_CONSTANT_CONVERSION = YES;
				CLANG_WARN_DEPRECATED_OBJC_IMPLEMENTATIONS = YES;
				CLANG_WARN_DIRECT_OBJC_ISA_USAGE = YES_ERROR;
				CLANG_WARN_DOCUMENTATION_COMMENTS = YES;
				CLANG_WARN_EMPTY_BODY = YES;
				CLANG_WARN_ENUM_CONVERSION = YES;
				CLANG_WARN_INFINITE_RECURSION = YES;
				CLANG_WARN_INT_CONVERSION = YES;
				CLANG_WARN_NON_LITERAL_NULL_CONVERSION = YES;
				CLANG_WARN_OBJC_IMPLICIT_RETAIN_SELF = YES;
				CLANG_WARN_OBJC_LITERAL_CONVERSION = YES;
				CLANG_WARN_OBJC_ROOT_CLASS = YES_ERROR;
				CLANG_WARN_QUOTED_INCLUDE_IN_FRAMEWORK_HEADER = YES;
				CLANG_WARN_RANGE_LOOP_ANALYSIS = YES;
				CLANG_WARN_STRICT_PROTOTYPES = YES;
				CLANG_WARN_SUSPICIOUS_MOVE = YES;
				CLANG_WARN_UNGUARDED_AVAILABILITY = YES_AGGRESSIVE;
				CLANG_WARN_UNREACHABLE_CODE = YES;
				CLANG_WARN__DUPLICATE_METHOD_MATCH = YES;
				COPY_PHASE_STRIP = NO;
				DEBUG_INFORMATION_FORMAT = "dwarf-with-dsym";
				ENABLE_NS_ASSERTIONS = NO;
				ENABLE_STRICT_OBJC_MSGSEND = YES;
				GCC_C_LANGUAGE_STANDARD = gnu11;
				GCC_NO_COMMON_BLOCKS = YES;
				GCC_WARN_64_TO_32_BIT_CONVERSION = YES;
				GCC_WARN_ABOUT_RETURN_TYPE = YES_ERROR;
				GCC_WARN_UNDECLARED_SELECTOR = YES;
				GCC_WARN_UNINITIALIZED_AUTOS = YES_AGGRESSIVE;
				GCC_WARN_UNUSED_FUNCTION = YES;
				GCC_WARN_UNUSED_VARIABLE = YES;
				IPHONEOS_DEPLOYMENT_TARGET = 15.2;
				MTL_ENABLE_DEBUG_INFO = NO;
				MTL_FAST_MATH = YES;
				SDKROOT = iphoneos;
				SWIFT_COMPILATION_MODE = wholemodule;
				SWIFT_OPTIMIZATION_LEVEL = "-O";
				VALIDATE_PRODUCT = YES;
			};
			name = Release;
		};
		F719826B282EF20000B7176E /* Debug */ = {
			isa = XCBuildConfiguration;
			baseConfigurationReference = B5D0A6F710131B3BCB214C5E /* Pods-FireBaseDataBase.debug.xcconfig */;
			buildSettings = {
				ASSETCATALOG_COMPILER_APPICON_NAME = AppIcon;
				ASSETCATALOG_COMPILER_GLOBAL_ACCENT_COLOR_NAME = AccentColor;
				CODE_SIGN_STYLE = Automatic;
				CURRENT_PROJECT_VERSION = 1;
				GENERATE_INFOPLIST_FILE = YES;
				INFOPLIST_FILE = FireBaseDataBase/Info.plist;
				INFOPLIST_KEY_UIApplicationSupportsIndirectInputEvents = YES;
				INFOPLIST_KEY_UILaunchStoryboardName = LaunchScreen;
				INFOPLIST_KEY_UIMainStoryboardFile = Main;
				INFOPLIST_KEY_UISupportedInterfaceOrientations_iPad = "UIInterfaceOrientationPortrait UIInterfaceOrientationPortraitUpsideDown UIInterfaceOrientationLandscapeLeft UIInterfaceOrientationLandscapeRight";
				INFOPLIST_KEY_UISupportedInterfaceOrientations_iPhone = "UIInterfaceOrientationPortrait UIInterfaceOrientationLandscapeLeft UIInterfaceOrientationLandscapeRight";
				LD_RUNPATH_SEARCH_PATHS = (
					"$(inherited)",
					"@executable_path/Frameworks",
				);
				MARKETING_VERSION = 1.0;
				PRODUCT_BUNDLE_IDENTIFIER = com.razaqaisar.FireBaseDataBase;
				PRODUCT_NAME = "$(TARGET_NAME)";
				SWIFT_EMIT_LOC_STRINGS = YES;
				SWIFT_VERSION = 5.0;
				TARGETED_DEVICE_FAMILY = "1,2";
			};
			name = Debug;
		};
		F719826C282EF20000B7176E /* Release */ = {
			isa = XCBuildConfiguration;
			baseConfigurationReference = B784A4C498DA0C7E214678C2 /* Pods-FireBaseDataBase.release.xcconfig */;
			buildSettings = {
				ASSETCATALOG_COMPILER_APPICON_NAME = AppIcon;
				ASSETCATALOG_COMPILER_GLOBAL_ACCENT_COLOR_NAME = AccentColor;
				CODE_SIGN_STYLE = Automatic;
				CURRENT_PROJECT_VERSION = 1;
				GENERATE_INFOPLIST_FILE = YES;
				INFOPLIST_FILE = FireBaseDataBase/Info.plist;
				INFOPLIST_KEY_UIApplicationSupportsIndirectInputEvents = YES;
				INFOPLIST_KEY_UILaunchStoryboardName = LaunchScreen;
				INFOPLIST_KEY_UIMainStoryboardFile = Main;
				INFOPLIST_KEY_UISupportedInterfaceOrientations_iPad = "UIInterfaceOrientationPortrait UIInterfaceOrientationPortraitUpsideDown UIInterfaceOrientationLandscapeLeft UIInterfaceOrientationLandscapeRight";
				INFOPLIST_KEY_UISupportedInterfaceOrientations_iPhone = "UIInterfaceOrientationPortrait UIInterfaceOrientationLandscapeLeft UIInterfaceOrientationLandscapeRight";
				LD_RUNPATH_SEARCH_PATHS = (
					"$(inherited)",
					"@executable_path/Frameworks",
				);
				MARKETING_VERSION = 1.0;
				PRODUCT_BUNDLE_IDENTIFIER = com.razaqaisar.FireBaseDataBase;
				PRODUCT_NAME = "$(TARGET_NAME)";
				SWIFT_EMIT_LOC_STRINGS = YES;
				SWIFT_VERSION = 5.0;
				TARGETED_DEVICE_FAMILY = "1,2";
			};
			name = Release;
		};
/* End XCBuildConfiguration section */

/* Begin XCConfigurationList section */
		F7198251282EF1FB00B7176E /* Build configuration list for PBXProject "FireBaseDataBase" */ = {
			isa = XCConfigurationList;
			buildConfigurations = (
				F7198268282EF20000B7176E /* Debug */,
				F7198269282EF20000B7176E /* Release */,
			);
			defaultConfigurationIsVisible = 0;
			defaultConfigurationName = Release;
		};
		F719826A282EF20000B7176E /* Build configuration list for PBXNativeTarget "FireBaseDataBase" */ = {
			isa = XCConfigurationList;
			buildConfigurations = (
				F719826B282EF20000B7176E /* Debug */,
				F719826C282EF20000B7176E /* Release */,
			);
			defaultConfigurationIsVisible = 0;
			defaultConfigurationName = Release;
		};
/* End XCConfigurationList section */
	};
	rootObject = F719824E282EF1FB00B7176E /* Project object */;
}
